// !$*UTF8*$!
{
	archiveVersion = 1;
	classes = {
	};
	objectVersion = 46;
	objects = {

/* Begin PBXBuildFile section */
		15B6CBD9143022F100BA100E /* Cocoa.framework in Frameworks */ = {isa = PBXBuildFile; fileRef = 15B6CBD8143022F100BA100E /* Cocoa.framework */; };
		15B6CBDB143022F100BA100E /* ScreenSaver.framework in Frameworks */ = {isa = PBXBuildFile; fileRef = 15B6CBDA143022F100BA100E /* ScreenSaver.framework */; };
		15B6CBE5143022F100BA100E /* InfoPlist.strings in Resources */ = {isa = PBXBuildFile; fileRef = 15B6CBE3143022F100BA100E /* InfoPlist.strings */; };
		15B6CBE8143022F100BA100E /* icoView.h in Headers */ = {isa = PBXBuildFile; fileRef = 15B6CBE7143022F100BA100E /* icoView.h */; };
		15B6CBEA143022F100BA100E /* icoView.m in Sources */ = {isa = PBXBuildFile; fileRef = 15B6CBE9143022F100BA100E /* icoView.m */; };
		15B6CBF91430240F00BA100E /* OpenGL.framework in Frameworks */ = {isa = PBXBuildFile; fileRef = 15B6CBF81430240F00BA100E /* OpenGL.framework */; };
		15D7638C143116200036072C /* PrefSheet.xib in Resources */ = {isa = PBXBuildFile; fileRef = 15D7638B143116200036072C /* PrefSheet.xib */; };
		15D7639414315B420036072C /* objcube.h in Headers */ = {isa = PBXBuildFile; fileRef = 15D7638E14315B420036072C /* objcube.h */; };
		15D7639514315B420036072C /* objico.h in Headers */ = {isa = PBXBuildFile; fileRef = 15D7638F14315B420036072C /* objico.h */; };
		15D7639614315B420036072C /* objocta.h in Headers */ = {isa = PBXBuildFile; fileRef = 15D7639014315B420036072C /* objocta.h */; };
		15D7639814315B420036072C /* objpyr.h in Headers */ = {isa = PBXBuildFile; fileRef = 15D7639214315B420036072C /* objpyr.h */; };
		15D7639914315B420036072C /* polyinfo.h in Headers */ = {isa = PBXBuildFile; fileRef = 15D7639314315B420036072C /* polyinfo.h */; };
		15D7639B14315B820036072C /* allobjs.h in Headers */ = {isa = PBXBuildFile; fileRef = 15D7639A14315B820036072C /* allobjs.h */; };
/* End PBXBuildFile section */

/* Begin PBXFileReference section */
		15B6CBD5143022F100BA100E /* ico.saver */ = {isa = PBXFileReference; explicitFileType = wrapper.cfbundle; includeInIndex = 0; path = ico.saver; sourceTree = BUILT_PRODUCTS_DIR; };
		15B6CBD8143022F100BA100E /* Cocoa.framework */ = {isa = PBXFileReference; lastKnownFileType = wrapper.framework; name = Cocoa.framework; path = System/Library/Frameworks/Cocoa.framework; sourceTree = SDKROOT; };
		15B6CBDA143022F100BA100E /* ScreenSaver.framework */ = {isa = PBXFileReference; lastKnownFileType = wrapper.framework; name = ScreenSaver.framework; path = System/Library/Frameworks/ScreenSaver.framework; sourceTree = SDKROOT; };
		15B6CBDD143022F100BA100E /* AppKit.framework */ = {isa = PBXFileReference; lastKnownFileType = wrapper.framework; name = AppKit.framework; path = System/Library/Frameworks/AppKit.framework; sourceTree = SDKROOT; };
		15B6CBDE143022F100BA100E /* CoreData.framework */ = {isa = PBXFileReference; lastKnownFileType = wrapper.framework; name = CoreData.framework; path = System/Library/Frameworks/CoreData.framework; sourceTree = SDKROOT; };
		15B6CBDF143022F100BA100E /* Foundation.framework */ = {isa = PBXFileReference; lastKnownFileType = wrapper.framework; name = Foundation.framework; path = System/Library/Frameworks/Foundation.framework; sourceTree = SDKROOT; };
		15B6CBE2143022F100BA100E /* ico-Info.plist */ = {isa = PBXFileReference; lastKnownFileType = text.plist.xml; path = "ico-Info.plist"; sourceTree = "<group>"; };
		15B6CBE4143022F100BA100E /* en */ = {isa = PBXFileReference; lastKnownFileType = text.plist.strings; name = en; path = en.lproj/InfoPlist.strings; sourceTree = "<group>"; };
		15B6CBE6143022F100BA100E /* ico-Prefix.pch */ = {isa = PBXFileReference; lastKnownFileType = sourcecode.c.h; path = "ico-Prefix.pch"; sourceTree = "<group>"; };
		15B6CBE7143022F100BA100E /* icoView.h */ = {isa = PBXFileReference; lastKnownFileType = sourcecode.c.h; path = icoView.h; sourceTree = "<group>"; };
		15B6CBE9143022F100BA100E /* icoView.m */ = {isa = PBXFileReference; lastKnownFileType = sourcecode.c.objc; path = icoView.m; sourceTree = "<group>"; };
		15B6CBF81430240F00BA100E /* OpenGL.framework */ = {isa = PBXFileReference; lastKnownFileType = wrapper.framework; name = OpenGL.framework; path = ../../../System/Library/Frameworks/OpenGL.framework; sourceTree = "<group>"; };
		15D7638B143116200036072C /* PrefSheet.xib */ = {isa = PBXFileReference; fileEncoding = 4; lastKnownFileType = file.xib; path = PrefSheet.xib; sourceTree = "<group>"; };
		15D7638E14315B420036072C /* objcube.h */ = {isa = PBXFileReference; fileEncoding = 4; lastKnownFileType = sourcecode.c.h; path = objcube.h; sourceTree = "<group>"; };
		15D7638F14315B420036072C /* objico.h */ = {isa = PBXFileReference; fileEncoding = 4; lastKnownFileType = sourcecode.c.h; path = objico.h; sourceTree = "<group>"; };
		15D7639014315B420036072C /* objocta.h */ = {isa = PBXFileReference; fileEncoding = 4; lastKnownFileType = sourcecode.c.h; path = objocta.h; sourceTree = "<group>"; };
		15D7639214315B420036072C /* objpyr.h */ = {isa = PBXFileReference; fileEncoding = 4; lastKnownFileType = sourcecode.c.h; path = objpyr.h; sourceTree = "<group>"; };
		15D7639314315B420036072C /* polyinfo.h */ = {isa = PBXFileReference; fileEncoding = 4; lastKnownFileType = sourcecode.c.h; path = polyinfo.h; sourceTree = "<group>"; };
		15D7639A14315B820036072C /* allobjs.h */ = {isa = PBXFileReference; fileEncoding = 4; lastKnownFileType = sourcecode.c.h; path = allobjs.h; sourceTree = "<group>"; };
/* End PBXFileReference section */

/* Begin PBXFrameworksBuildPhase section */
		15B6CBD0143022F100BA100E /* Frameworks */ = {
			isa = PBXFrameworksBuildPhase;
			buildActionMask = 2147483647;
			files = (
				15B6CBD9143022F100BA100E /* Cocoa.framework in Frameworks */,
				15B6CBDB143022F100BA100E /* ScreenSaver.framework in Frameworks */,
				15B6CBF91430240F00BA100E /* OpenGL.framework in Frameworks */,
			);
			runOnlyForDeploymentPostprocessing = 0;
		};
/* End PBXFrameworksBuildPhase section */

/* Begin PBXGroup section */
		15B6CBC8143022F100BA100E = {
			isa = PBXGroup;
			children = (
				15B6CBE0143022F100BA100E /* ico */,
				15B6CBD7143022F100BA100E /* Frameworks */,
				15B6CBD6143022F100BA100E /* Products */,
			);
			sourceTree = "<group>";
		};
		15B6CBD6143022F100BA100E /* Products */ = {
			isa = PBXGroup;
			children = (
				15B6CBD5143022F100BA100E /* ico.saver */,
			);
			name = Products;
			sourceTree = "<group>";
		};
		15B6CBD7143022F100BA100E /* Frameworks */ = {
			isa = PBXGroup;
			children = (
				15B6CBF81430240F00BA100E /* OpenGL.framework */,
				15B6CBD8143022F100BA100E /* Cocoa.framework */,
				15B6CBDA143022F100BA100E /* ScreenSaver.framework */,
				15B6CBDC143022F100BA100E /* Other Frameworks */,
			);
			name = Frameworks;
			sourceTree = "<group>";
		};
		15B6CBDC143022F100BA100E /* Other Frameworks */ = {
			isa = PBXGroup;
			children = (
				15B6CBDD143022F100BA100E /* AppKit.framework */,
				15B6CBDE143022F100BA100E /* CoreData.framework */,
				15B6CBDF143022F100BA100E /* Foundation.framework */,
			);
			name = "Other Frameworks";
			sourceTree = "<group>";
		};
		15B6CBE0143022F100BA100E /* ico */ = {
			isa = PBXGroup;
			children = (
				15B6CBE7143022F100BA100E /* icoView.h */,
				15B6CBE9143022F100BA100E /* icoView.m */,
				15D7639A14315B820036072C /* allobjs.h */,
				15D7638E14315B420036072C /* objcube.h */,
				15D7638F14315B420036072C /* objico.h */,
				15D7639014315B420036072C /* objocta.h */,
				15D7639214315B420036072C /* objpyr.h */,
				15D7639314315B420036072C /* polyinfo.h */,
				15B6CBE1143022F100BA100E /* Supporting Files */,
			);
			path = ico;
			sourceTree = "<group>";
		};
		15B6CBE1143022F100BA100E /* Supporting Files */ = {
			isa = PBXGroup;
			children = (
				15B6CBE2143022F100BA100E /* ico-Info.plist */,
				15D7638B143116200036072C /* PrefSheet.xib */,
				15B6CBE3143022F100BA100E /* InfoPlist.strings */,
				15B6CBE6143022F100BA100E /* ico-Prefix.pch */,
			);
			name = "Supporting Files";
			sourceTree = "<group>";
		};
/* End PBXGroup section */

/* Begin PBXHeadersBuildPhase section */
		15B6CBD1143022F100BA100E /* Headers */ = {
			isa = PBXHeadersBuildPhase;
			buildActionMask = 2147483647;
			files = (
				15B6CBE8143022F100BA100E /* icoView.h in Headers */,
				15D7639414315B420036072C /* objcube.h in Headers */,
				15D7639514315B420036072C /* objico.h in Headers */,
				15D7639614315B420036072C /* objocta.h in Headers */,
				15D7639814315B420036072C /* objpyr.h in Headers */,
				15D7639914315B420036072C /* polyinfo.h in Headers */,
				15D7639B14315B820036072C /* allobjs.h in Headers */,
			);
			runOnlyForDeploymentPostprocessing = 0;
		};
/* End PBXHeadersBuildPhase section */

/* Begin PBXNativeTarget section */
		15B6CBD4143022F100BA100E /* ico */ = {
			isa = PBXNativeTarget;
			buildConfigurationList = 15B6CBED143022F100BA100E /* Build configuration list for PBXNativeTarget "ico" */;
			buildPhases = (
				15B6CBCF143022F100BA100E /* Sources */,
				15B6CBD0143022F100BA100E /* Frameworks */,
				15B6CBD1143022F100BA100E /* Headers */,
				15B6CBD2143022F100BA100E /* Resources */,
				15B6CBD3143022F100BA100E /* Rez */,
			);
			buildRules = (
			);
			dependencies = (
			);
			name = ico;
			productName = ico;
			productReference = 15B6CBD5143022F100BA100E /* ico.saver */;
			productType = "com.apple.product-type.bundle";
		};
/* End PBXNativeTarget section */

/* Begin PBXProject section */
		15B6CBCA143022F100BA100E /* Project object */ = {
			isa = PBXProject;
			attributes = {
				ORGANIZATIONNAME = "jyuzawa.com";
			};
			buildConfigurationList = 15B6CBCD143022F100BA100E /* Build configuration list for PBXProject "ico" */;
			compatibilityVersion = "Xcode 3.2";
			developmentRegion = English;
			hasScannedForEncodings = 0;
			knownRegions = (
				en,
			);
			mainGroup = 15B6CBC8143022F100BA100E;
			productRefGroup = 15B6CBD6143022F100BA100E /* Products */;
			projectDirPath = "";
			projectRoot = "";
			targets = (
				15B6CBD4143022F100BA100E /* ico */,
			);
		};
/* End PBXProject section */

/* Begin PBXResourcesBuildPhase section */
		15B6CBD2143022F100BA100E /* Resources */ = {
			isa = PBXResourcesBuildPhase;
			buildActionMask = 2147483647;
			files = (
				15B6CBE5143022F100BA100E /* InfoPlist.strings in Resources */,
				15D7638C143116200036072C /* PrefSheet.xib in Resources */,
			);
			runOnlyForDeploymentPostprocessing = 0;
		};
/* End PBXResourcesBuildPhase section */

/* Begin PBXRezBuildPhase section */
		15B6CBD3143022F100BA100E /* Rez */ = {
			isa = PBXRezBuildPhase;
			buildActionMask = 2147483647;
			files = (
			);
			runOnlyForDeploymentPostprocessing = 0;
		};
/* End PBXRezBuildPhase section */

/* Begin PBXSourcesBuildPhase section */
		15B6CBCF143022F100BA100E /* Sources */ = {
			isa = PBXSourcesBuildPhase;
			buildActionMask = 2147483647;
			files = (
				15B6CBEA143022F100BA100E /* icoView.m in Sources */,
			);
			runOnlyForDeploymentPostprocessing = 0;
		};
/* End PBXSourcesBuildPhase section */

/* Begin PBXVariantGroup section */
		15B6CBE3143022F100BA100E /* InfoPlist.strings */ = {
			isa = PBXVariantGroup;
			children = (
				15B6CBE4143022F100BA100E /* en */,
			);
			name = InfoPlist.strings;
			sourceTree = "<group>";
		};
/* End PBXVariantGroup section */

/* Begin XCBuildConfiguration section */
		15B6CBEB143022F100BA100E /* Debug */ = {
			isa = XCBuildConfiguration;
			buildSettings = {
				ARCHS = "$(ARCHS_STANDARD_32_64_BIT)";
				GCC_C_LANGUAGE_STANDARD = gnu99;
				GCC_ENABLE_OBJC_GC = supported;
				GCC_OPTIMIZATION_LEVEL = 0;
				GCC_PREPROCESSOR_DEFINITIONS = DEBUG;
				GCC_SYMBOLS_PRIVATE_EXTERN = NO;
				GCC_VERSION = com.apple.compilers.llvm.clang.1_0;
				GCC_WARN_64_TO_32_BIT_CONVERSION = YES;
				GCC_WARN_ABOUT_RETURN_TYPE = YES;
				GCC_WARN_UNUSED_VARIABLE = YES;
				MACOSX_DEPLOYMENT_TARGET = 10.6;
				ONLY_ACTIVE_ARCH = YES;
				SDKROOT = macosx;
			};
			name = Debug;
		};
		15B6CBEC143022F100BA100E /* Release */ = {
			isa = XCBuildConfiguration;
			buildSettings = {
				ARCHS = "$(ARCHS_STANDARD_32_64_BIT)";
				GCC_C_LANGUAGE_STANDARD = gnu99;
				GCC_ENABLE_OBJC_GC = supported;
				GCC_VERSION = com.apple.compilers.llvm.clang.1_0;
				GCC_WARN_64_TO_32_BIT_CONVERSION = YES;
				GCC_WARN_ABOUT_RETURN_TYPE = YES;
				GCC_WARN_UNUSED_VARIABLE = YES;
				MACOSX_DEPLOYMENT_TARGET = 10.6;
				SDKROOT = macosx;
			};
			name = Release;
		};
		15B6CBEE143022F100BA100E /* Debug */ = {
			isa = XCBuildConfiguration;
			buildSettings = {
				ALWAYS_SEARCH_USER_PATHS = NO;
				COPY_PHASE_STRIP = NO;
				GCC_DYNAMIC_NO_PIC = NO;
				GCC_ENABLE_OBJC_EXCEPTIONS = YES;
				GCC_PRECOMPILE_PREFIX_HEADER = YES;
				GCC_PREFIX_HEADER = "ico/ico-Prefix.pch";
				INFOPLIST_FILE = "ico/ico-Info.plist";
				INSTALL_PATH = "$(HOME)/Library/Screen Savers";
				PRODUCT_NAME = "$(TARGET_NAME)";
				WRAPPER_EXTENSION = saver;
			};
			name = Debug;
		};
		15B6CBEF143022F100BA100E /* Release */ = {
			isa = XCBuildConfiguration;
			buildSettings = {
				ALWAYS_SEARCH_USER_PATHS = NO;
				COPY_PHASE_STRIP = YES;
				DEBUG_INFORMATION_FORMAT = "dwarf-with-dsym";
				GCC_ENABLE_OBJC_EXCEPTIONS = YES;
				GCC_PRECOMPILE_PREFIX_HEADER = YES;
				GCC_PREFIX_HEADER = "ico/ico-Prefix.pch";
				INFOPLIST_FILE = "ico/ico-Info.plist";
				INSTALL_PATH = "$(HOME)/Library/Screen Savers";
				PRODUCT_NAME = "$(TARGET_NAME)";
				WRAPPER_EXTENSION = saver;
			};
			name = Release;
		};
/* End XCBuildConfiguration section */

/* Begin XCConfigurationList section */
		15B6CBCD143022F100BA100E /* Build configuration list for PBXProject "ico" */ = {
			isa = XCConfigurationList;
			buildConfigurations = (
				15B6CBEB143022F100BA100E /* Debug */,
				15B6CBEC143022F100BA100E /* Release */,
			);
			defaultConfigurationIsVisible = 0;
			defaultConfigurationName = Release;
		};
		15B6CBED143022F100BA100E /* Build configuration list for PBXNativeTarget "ico" */ = {
			isa = XCConfigurationList;
			buildConfigurations = (
				15B6CBEE143022F100BA100E /* Debug */,
				15B6CBEF143022F100BA100E /* Release */,
			);
			defaultConfigurationIsVisible = 0;
			defaultConfigurationName = Release;
		};
/* End XCConfigurationList section */
	};
	rootObject = 15B6CBCA143022F100BA100E /* Project object */;
}
