// !$*UTF8*$!
{
	archiveVersion = 1;
	classes = {
	};
	objectVersion = 50;
	objects = {

/* Begin PBXBuildFile section */
		FA8AD16525A3C07A0067F17B /* polyhedra.json in Resources */ = {isa = PBXBuildFile; fileRef = FA8AD16425A3C07A0067F17B /* polyhedra.json */; };
		FACBCF7D259F77AE0039CF3E /* IcoScreenSaverView.swift in Sources */ = {isa = PBXBuildFile; fileRef = FACBCF7C259F77AE0039CF3E /* IcoScreenSaverView.swift */; };
		FACBCF82259F81630039CF3E /* Polyhedra.swift in Sources */ = {isa = PBXBuildFile; fileRef = FACBCF81259F81630039CF3E /* Polyhedra.swift */; };
		FACBCF89259F8F060039CF3E /* thumbnail.tiff in Resources */ = {isa = PBXBuildFile; fileRef = FACBCF88259F8F060039CF3E /* thumbnail.tiff */; };
		FACBCF8C259F91390039CF3E /* ConfigSheet.xib in Resources */ = {isa = PBXBuildFile; fileRef = FACBCF8B259F91390039CF3E /* ConfigSheet.xib */; };
		FACBCF8F259F91690039CF3E /* ConfigSheetController.swift in Sources */ = {isa = PBXBuildFile; fileRef = FACBCF8E259F91690039CF3E /* ConfigSheetController.swift */; };
		FACBCF92259FF4810039CF3E /* DefaultsManager.swift in Sources */ = {isa = PBXBuildFile; fileRef = FACBCF91259FF4810039CF3E /* DefaultsManager.swift */; };
/* End PBXBuildFile section */

/* Begin PBXFileReference section */
		FA8AD16425A3C07A0067F17B /* polyhedra.json */ = {isa = PBXFileReference; lastKnownFileType = text.json; path = polyhedra.json; sourceTree = "<group>"; };
		FACBCF6C259F777F0039CF3E /* Ico.saver */ = {isa = PBXFileReference; explicitFileType = wrapper.cfbundle; includeInIndex = 0; path = Ico.saver; sourceTree = BUILT_PRODUCTS_DIR; };
		FACBCF73259F777F0039CF3E /* Info.plist */ = {isa = PBXFileReference; lastKnownFileType = text.plist.xml; path = Info.plist; sourceTree = "<group>"; };
		FACBCF7C259F77AE0039CF3E /* IcoScreenSaverView.swift */ = {isa = PBXFileReference; lastKnownFileType = sourcecode.swift; path = IcoScreenSaverView.swift; sourceTree = "<group>"; };
		FACBCF81259F81630039CF3E /* Polyhedra.swift */ = {isa = PBXFileReference; lastKnownFileType = sourcecode.swift; path = Polyhedra.swift; sourceTree = "<group>"; };
		FACBCF88259F8F060039CF3E /* thumbnail.tiff */ = {isa = PBXFileReference; lastKnownFileType = image.tiff; path = thumbnail.tiff; sourceTree = "<group>"; };
		FACBCF8B259F91390039CF3E /* ConfigSheet.xib */ = {isa = PBXFileReference; lastKnownFileType = file.xib; path = ConfigSheet.xib; sourceTree = "<group>"; };
		FACBCF8E259F91690039CF3E /* ConfigSheetController.swift */ = {isa = PBXFileReference; lastKnownFileType = sourcecode.swift; path = ConfigSheetController.swift; sourceTree = "<group>"; };
		FACBCF91259FF4810039CF3E /* DefaultsManager.swift */ = {isa = PBXFileReference; lastKnownFileType = sourcecode.swift; path = DefaultsManager.swift; sourceTree = "<group>"; };
/* End PBXFileReference section */

/* Begin PBXFrameworksBuildPhase section */
		FACBCF69259F777F0039CF3E /* Frameworks */ = {
			isa = PBXFrameworksBuildPhase;
			buildActionMask = 2147483647;
			files = (
			);
			runOnlyForDeploymentPostprocessing = 0;
		};
/* End PBXFrameworksBuildPhase section */

/* Begin PBXGroup section */
		FACBCF62259F777F0039CF3E = {
			isa = PBXGroup;
			children = (
				FACBCF6E259F777F0039CF3E /* Ico */,
				FACBCF6D259F777F0039CF3E /* Products */,
			);
			sourceTree = "<group>";
		};
		FACBCF6D259F777F0039CF3E /* Products */ = {
			isa = PBXGroup;
			children = (
				FACBCF6C259F777F0039CF3E /* Ico.saver */,
			);
			name = Products;
			sourceTree = "<group>";
		};
		FACBCF6E259F777F0039CF3E /* Ico */ = {
			isa = PBXGroup;
			children = (
				FACBCF88259F8F060039CF3E /* thumbnail.tiff */,
				FACBCF73259F777F0039CF3E /* Info.plist */,
				FACBCF7C259F77AE0039CF3E /* IcoScreenSaverView.swift */,
				FACBCF81259F81630039CF3E /* Polyhedra.swift */,
				FACBCF8B259F91390039CF3E /* ConfigSheet.xib */,
				FACBCF8E259F91690039CF3E /* ConfigSheetController.swift */,
				FACBCF91259FF4810039CF3E /* DefaultsManager.swift */,
				FA8AD16425A3C07A0067F17B /* polyhedra.json */,
			);
			path = Ico;
			sourceTree = "<group>";
		};
/* End PBXGroup section */

/* Begin PBXHeadersBuildPhase section */
		FACBCF67259F777F0039CF3E /* Headers */ = {
			isa = PBXHeadersBuildPhase;
			buildActionMask = 2147483647;
			files = (
			);
			runOnlyForDeploymentPostprocessing = 0;
		};
/* End PBXHeadersBuildPhase section */

/* Begin PBXNativeTarget section */
		FACBCF6B259F777F0039CF3E /* Ico */ = {
			isa = PBXNativeTarget;
			buildConfigurationList = FACBCF76259F777F0039CF3E /* Build configuration list for PBXNativeTarget "Ico" */;
			buildPhases = (
				FACBCF67259F777F0039CF3E /* Headers */,
				FACBCF68259F777F0039CF3E /* Sources */,
				FACBCF69259F777F0039CF3E /* Frameworks */,
				FACBCF6A259F777F0039CF3E /* Resources */,
				FACBCF9425A0032B0039CF3E /* ShellScript */,
			);
			buildRules = (
			);
			dependencies = (
			);
			name = Ico;
			productName = Ico;
			productReference = FACBCF6C259F777F0039CF3E /* Ico.saver */;
			productType = "com.apple.product-type.bundle";
		};
/* End PBXNativeTarget section */

/* Begin PBXProject section */
		FACBCF63259F777F0039CF3E /* Project object */ = {
			isa = PBXProject;
			attributes = {
				LastUpgradeCheck = 1230;
				TargetAttributes = {
					FACBCF6B259F777F0039CF3E = {
						CreatedOnToolsVersion = 12.3;
						LastSwiftMigration = 1230;
					};
				};
			};
			buildConfigurationList = FACBCF66259F777F0039CF3E /* Build configuration list for PBXProject "Ico" */;
			compatibilityVersion = "Xcode 9.3";
			developmentRegion = en;
			hasScannedForEncodings = 0;
			knownRegions = (
				en,
				Base,
			);
			mainGroup = FACBCF62259F777F0039CF3E;
			productRefGroup = FACBCF6D259F777F0039CF3E /* Products */;
			projectDirPath = "";
			projectRoot = "";
			targets = (
				FACBCF6B259F777F0039CF3E /* Ico */,
			);
		};
/* End PBXProject section */

/* Begin PBXResourcesBuildPhase section */
		FACBCF6A259F777F0039CF3E /* Resources */ = {
			isa = PBXResourcesBuildPhase;
			buildActionMask = 2147483647;
			files = (
				FACBCF89259F8F060039CF3E /* thumbnail.tiff in Resources */,
				FA8AD16525A3C07A0067F17B /* polyhedra.json in Resources */,
				FACBCF8C259F91390039CF3E /* ConfigSheet.xib in Resources */,
			);
			runOnlyForDeploymentPostprocessing = 0;
		};
/* End PBXResourcesBuildPhase section */

/* Begin PBXShellScriptBuildPhase section */
		FACBCF9425A0032B0039CF3E /* ShellScript */ = {
			isa = PBXShellScriptBuildPhase;
			buildActionMask = 2147483647;
			files = (
			);
			inputFileListPaths = (
			);
			inputPaths = (
				"$(SRCROOT)/newInputFile",
			);
			outputFileListPaths = (
			);
			outputPaths = (
			);
			runOnlyForDeploymentPostprocessing = 0;
			shellPath = /bin/sh;
			shellScript = "if which swiftlint >/dev/null; then\n  swiftlint\nelse\n  echo \"warning: SwiftLint not installed, download from https://github.com/realm/SwiftLint\"\nfi\n";
		};
/* End PBXShellScriptBuildPhase section */

/* Begin PBXSourcesBuildPhase section */
		FACBCF68259F777F0039CF3E /* Sources */ = {
			isa = PBXSourcesBuildPhase;
			buildActionMask = 2147483647;
			files = (
				FACBCF7D259F77AE0039CF3E /* IcoScreenSaverView.swift in Sources */,
				FACBCF8F259F91690039CF3E /* ConfigSheetController.swift in Sources */,
				FACBCF92259FF4810039CF3E /* DefaultsManager.swift in Sources */,
				FACBCF82259F81630039CF3E /* Polyhedra.swift in Sources */,
			);
			runOnlyForDeploymentPostprocessing = 0;
		};
/* End PBXSourcesBuildPhase section */

/* Begin XCBuildConfiguration section */
		FACBCF74259F777F0039CF3E /* Debug */ = {
			isa = XCBuildConfiguration;
			buildSettings = {
				ALWAYS_SEARCH_USER_PATHS = NO;
				CLANG_ANALYZER_NONNULL = YES;
				CLANG_ANALYZER_NUMBER_OBJECT_CONVERSION = YES_AGGRESSIVE;
				CLANG_CXX_LANGUAGE_STANDARD = "gnu++14";
				CLANG_CXX_LIBRARY = "libc++";
				CLANG_ENABLE_MODULES = YES;
				CLANG_ENABLE_OBJC_ARC = YES;
				CLANG_ENABLE_OBJC_WEAK = YES;
				CLANG_WARN_BLOCK_CAPTURE_AUTORELEASING = YES;
				CLANG_WARN_BOOL_CONVERSION = YES;
				CLANG_WARN_COMMA = YES;
				CLANG_WARN_CONSTANT_CONVERSION = YES;
				CLANG_WARN_DEPRECATED_OBJC_IMPLEMENTATIONS = YES;
				CLANG_WARN_DIRECT_OBJC_ISA_USAGE = YES_ERROR;
				CLANG_WARN_DOCUMENTATION_COMMENTS = YES;
				CLANG_WARN_EMPTY_BODY = YES;
				CLANG_WARN_ENUM_CONVERSION = YES;
				CLANG_WARN_INFINITE_RECURSION = YES;
				CLANG_WARN_INT_CONVERSION = YES;
				CLANG_WARN_NON_LITERAL_NULL_CONVERSION = YES;
				CLANG_WARN_OBJC_IMPLICIT_RETAIN_SELF = YES;
				CLANG_WARN_OBJC_LITERAL_CONVERSION = YES;
				CLANG_WARN_OBJC_ROOT_CLASS = YES_ERROR;
				CLANG_WARN_QUOTED_INCLUDE_IN_FRAMEWORK_HEADER = YES;
				CLANG_WARN_RANGE_LOOP_ANALYSIS = YES;
				CLANG_WARN_STRICT_PROTOTYPES = YES;
				CLANG_WARN_SUSPICIOUS_MOVE = YES;
				CLANG_WARN_UNGUARDED_AVAILABILITY = YES_AGGRESSIVE;
				CLANG_WARN_UNREACHABLE_CODE = YES;
				CLANG_WARN__DUPLICATE_METHOD_MATCH = YES;
				COPY_PHASE_STRIP = NO;
				DEBUG_INFORMATION_FORMAT = dwarf;
				ENABLE_STRICT_OBJC_MSGSEND = YES;
				ENABLE_TESTABILITY = YES;
				GCC_C_LANGUAGE_STANDARD = gnu11;
				GCC_DYNAMIC_NO_PIC = NO;
				GCC_NO_COMMON_BLOCKS = YES;
				GCC_OPTIMIZATION_LEVEL = 0;
				GCC_PREPROCESSOR_DEFINITIONS = (
					"DEBUG=1",
					"$(inherited)",
				);
				GCC_WARN_64_TO_32_BIT_CONVERSION = YES;
				GCC_WARN_ABOUT_RETURN_TYPE = YES_ERROR;
				GCC_WARN_UNDECLARED_SELECTOR = YES;
				GCC_WARN_UNINITIALIZED_AUTOS = YES_AGGRESSIVE;
				GCC_WARN_UNUSED_FUNCTION = YES;
				GCC_WARN_UNUSED_VARIABLE = YES;
				MACOSX_DEPLOYMENT_TARGET = 10.13;
				MTL_ENABLE_DEBUG_INFO = INCLUDE_SOURCE;
				MTL_FAST_MATH = YES;
				ONLY_ACTIVE_ARCH = YES;
				SDKROOT = macosx;
			};
			name = Debug;
		};
		FACBCF75259F777F0039CF3E /* Release */ = {
			isa = XCBuildConfiguration;
			buildSettings = {
				ALWAYS_SEARCH_USER_PATHS = NO;
				CLANG_ANALYZER_NONNULL = YES;
				CLANG_ANALYZER_NUMBER_OBJECT_CONVERSION = YES_AGGRESSIVE;
				CLANG_CXX_LANGUAGE_STANDARD = "gnu++14";
				CLANG_CXX_LIBRARY = "libc++";
				CLANG_ENABLE_MODULES = YES;
				CLANG_ENABLE_OBJC_ARC = YES;
				CLANG_ENABLE_OBJC_WEAK = YES;
				CLANG_WARN_BLOCK_CAPTURE_AUTORELEASING = YES;
				CLANG_WARN_BOOL_CONVERSION = YES;
				CLANG_WARN_COMMA = YES;
				CLANG_WARN_CONSTANT_CONVERSION = YES;
				CLANG_WARN_DEPRECATED_OBJC_IMPLEMENTATIONS = YES;
				CLANG_WARN_DIRECT_OBJC_ISA_USAGE = YES_ERROR;
				CLANG_WARN_DOCUMENTATION_COMMENTS = YES;
				CLANG_WARN_EMPTY_BODY = YES;
				CLANG_WARN_ENUM_CONVERSION = YES;
				CLANG_WARN_INFINITE_RECURSION = YES;
				CLANG_WARN_INT_CONVERSION = YES;
				CLANG_WARN_NON_LITERAL_NULL_CONVERSION = YES;
				CLANG_WARN_OBJC_IMPLICIT_RETAIN_SELF = YES;
				CLANG_WARN_OBJC_LITERAL_CONVERSION = YES;
				CLANG_WARN_OBJC_ROOT_CLASS = YES_ERROR;
				CLANG_WARN_QUOTED_INCLUDE_IN_FRAMEWORK_HEADER = YES;
				CLANG_WARN_RANGE_LOOP_ANALYSIS = YES;
				CLANG_WARN_STRICT_PROTOTYPES = YES;
				CLANG_WARN_SUSPICIOUS_MOVE = YES;
				CLANG_WARN_UNGUARDED_AVAILABILITY = YES_AGGRESSIVE;
				CLANG_WARN_UNREACHABLE_CODE = YES;
				CLANG_WARN__DUPLICATE_METHOD_MATCH = YES;
				COPY_PHASE_STRIP = NO;
				DEBUG_INFORMATION_FORMAT = "dwarf-with-dsym";
				ENABLE_NS_ASSERTIONS = NO;
				ENABLE_STRICT_OBJC_MSGSEND = YES;
				GCC_C_LANGUAGE_STANDARD = gnu11;
				GCC_NO_COMMON_BLOCKS = YES;
				GCC_WARN_64_TO_32_BIT_CONVERSION = YES;
				GCC_WARN_ABOUT_RETURN_TYPE = YES_ERROR;
				GCC_WARN_UNDECLARED_SELECTOR = YES;
				GCC_WARN_UNINITIALIZED_AUTOS = YES_AGGRESSIVE;
				GCC_WARN_UNUSED_FUNCTION = YES;
				GCC_WARN_UNUSED_VARIABLE = YES;
				MACOSX_DEPLOYMENT_TARGET = 10.13;
				MTL_ENABLE_DEBUG_INFO = NO;
				MTL_FAST_MATH = YES;
				SDKROOT = macosx;
			};
			name = Release;
		};
		FACBCF77259F777F0039CF3E /* Debug */ = {
			isa = XCBuildConfiguration;
			buildSettings = {
				CLANG_ENABLE_MODULES = YES;
				CODE_SIGN_STYLE = Automatic;
				COMBINE_HIDPI_IMAGES = YES;
				CURRENT_PROJECT_VERSION = 2.0.0;
				INFOPLIST_FILE = Ico/Info.plist;
				INSTALL_PATH = "$(HOME)/Library/Screen Savers";
				LD_RUNPATH_SEARCH_PATHS = (
					"$(inherited)",
					"@executable_path/../Frameworks",
					"@loader_path/../Frameworks",
				);
				MARKETING_VERSION = 2.0.0;
				PRODUCT_BUNDLE_IDENTIFIER = com.jyuzawa.Ico;
				PRODUCT_NAME = "$(TARGET_NAME)";
				SWIFT_OPTIMIZATION_LEVEL = "-Onone";
				SWIFT_VERSION = 5.0;
				WRAPPER_EXTENSION = saver;
			};
			name = Debug;
		};
		FACBCF78259F777F0039CF3E /* Release */ = {
			isa = XCBuildConfiguration;
			buildSettings = {
				CLANG_ENABLE_MODULES = YES;
				CODE_SIGN_STYLE = Automatic;
				COMBINE_HIDPI_IMAGES = YES;
				CURRENT_PROJECT_VERSION = 2.0.0;
				INFOPLIST_FILE = Ico/Info.plist;
				INSTALL_PATH = "$(HOME)/Library/Screen Savers";
				LD_RUNPATH_SEARCH_PATHS = (
					"$(inherited)",
					"@executable_path/../Frameworks",
					"@loader_path/../Frameworks",
				);
				MARKETING_VERSION = 2.0.0;
				PRODUCT_BUNDLE_IDENTIFIER = com.jyuzawa.Ico;
				PRODUCT_NAME = "$(TARGET_NAME)";
				SWIFT_VERSION = 5.0;
				WRAPPER_EXTENSION = saver;
			};
			name = Release;
		};
/* End XCBuildConfiguration section */

/* Begin XCConfigurationList section */
		FACBCF66259F777F0039CF3E /* Build configuration list for PBXProject "Ico" */ = {
			isa = XCConfigurationList;
			buildConfigurations = (
				FACBCF74259F777F0039CF3E /* Debug */,
				FACBCF75259F777F0039CF3E /* Release */,
			);
			defaultConfigurationIsVisible = 0;
			defaultConfigurationName = Release;
		};
		FACBCF76259F777F0039CF3E /* Build configuration list for PBXNativeTarget "Ico" */ = {
			isa = XCConfigurationList;
			buildConfigurations = (
				FACBCF77259F777F0039CF3E /* Debug */,
				FACBCF78259F777F0039CF3E /* Release */,
			);
			defaultConfigurationIsVisible = 0;
			defaultConfigurationName = Release;
		};
/* End XCConfigurationList section */
	};
	rootObject = FACBCF63259F777F0039CF3E /* Project object */;
}
